
Microsoft Visual Studio Solution File, Format Version 12.00
# Visual Studio Version 16
VisualStudioVersion = 16.0.30428.66
MinimumVisualStudioVersion = 10.0.40219.1
Project("{9A19103F-16F7-4668-BE54-9A1E7A4F7556}") = "StarshipTraveler.Model", "StarshipTraveler.Model\StarshipTraveler.Model.csproj", "{ADA1D66B-220D-470A-878F-1F3D9C887468}"
EndProject
Project("{9A19103F-16F7-4668-BE54-9A1E7A4F7556}") = "StarshipTraveler.Components", "StarshipTraveler.Components\StarshipTraveler.Components.csproj", "{2D272F26-B1ED-4DA6-98C4-537790132852}"
EndProject
Project("{9A19103F-16F7-4668-BE54-9A1E7A4F7556}") = "StarshipTraveler.Api", "StarshipTraveler.Api\StarshipTraveler.Api.csproj", "{B5081FB9-F766-4F8B-B3B3-F4F231AFC22E}"
EndProject
Project("{9A19103F-16F7-4668-BE54-9A1E7A4F7556}") = "StarshipTraveler.Client", "StarshipTraveler.Client\StarshipTraveler.Client.csproj", "{AA1D30A3-0277-4C57-A25F-3E57D13F81BE}"
EndProject
Project("{9A19103F-16F7-4668-BE54-9A1E7A4F7556}") = "StarshipTraveler.ServerSide", "StarshipTraveler.ServerSide\StarshipTraveler.ServerSide.csproj", "{A53E172F-5AE3-4A25-9A6A-E0EBFCFAEA87}"
EndProject
Global
	GlobalSection(SolutionConfigurationPlatforms) = preSolution
		Debug|Any CPU = Debug|Any CPU
		Release|Any CPU = Release|Any CPU
	EndGlobalSection
	GlobalSection(ProjectConfigurationPlatforms) = postSolution
		{ADA1D66B-220D-470A-878F-1F3D9C887468}.Debug|Any CPU.ActiveCfg = Debug|Any CPU
		{ADA1D66B-220D-470A-878F-1F3D9C887468}.Debug|Any CPU.Build.0 = Debug|Any CPU
		{ADA1D66B-220D-470A-878F-1F3D9C887468}.Release|Any CPU.ActiveCfg = Release|Any CPU
		{ADA1D66B-220D-470A-878F-1F3D9C887468}.Release|Any CPU.Build.0 = Release|Any CPU
		{2D272F26-B1ED-4DA6-98C4-537790132852}.Debug|Any CPU.ActiveCfg = Debug|Any CPU
		{2D272F26-B1ED-4DA6-98C4-537790132852}.Debug|Any CPU.Build.0 = Debug|Any CPU
		{2D272F26-B1ED-4DA6-98C4-537790132852}.Release|Any CPU.ActiveCfg = Release|Any CPU
		{2D272F26-B1ED-4DA6-98C4-537790132852}.Release|Any CPU.Build.0 = Release|Any CPU
		{B5081FB9-F766-4F8B-B3B3-F4F231AFC22E}.Debug|Any CPU.ActiveCfg = Debug|Any CPU
		{B5081FB9-F766-4F8B-B3B3-F4F231AFC22E}.Debug|Any CPU.Build.0 = Debug|Any CPU
		{B5081FB9-F766-4F8B-B3B3-F4F231AFC22E}.Release|Any CPU.ActiveCfg = Release|Any CPU
		{B5081FB9-F766-4F8B-B3B3-F4F231AFC22E}.Release|Any CPU.Build.0 = Release|Any CPU
		{AA1D30A3-0277-4C57-A25F-3E57D13F81BE}.Debug|Any CPU.ActiveCfg = Debug|Any CPU
		{AA1D30A3-0277-4C57-A25F-3E57D13F81BE}.Debug|Any CPU.Build.0 = Debug|Any CPU
		{AA1D30A3-0277-4C57-A25F-3E57D13F81BE}.Release|Any CPU.ActiveCfg = Release|Any CPU
		{AA1D30A3-0277-4C57-A25F-3E57D13F81BE}.Release|Any CPU.Build.0 = Release|Any CPU
		{A53E172F-5AE3-4A25-9A6A-E0EBFCFAEA87}.Debug|Any CPU.ActiveCfg = Debug|Any CPU
		{A53E172F-5AE3-4A25-9A6A-E0EBFCFAEA87}.Debug|Any CPU.Build.0 = Debug|Any CPU
		{A53E172F-5AE3-4A25-9A6A-E0EBFCFAEA87}.Release|Any CPU.ActiveCfg = Release|Any CPU
		{A53E172F-5AE3-4A25-9A6A-E0EBFCFAEA87}.Release|Any CPU.Build.0 = Release|Any CPU
	EndGlobalSection
	GlobalSection(SolutionProperties) = preSolution
		HideSolutionNode = FALSE
	EndGlobalSection
	GlobalSection(ExtensibilityGlobals) = postSolution
		SolutionGuid = {60C9D5A3-3DAC-4C22-965F-607E145D176C}
	EndGlobalSection
EndGlobal
