
Microsoft Visual Studio Solution File, Format Version 12.00
# Visual Studio Version 16
VisualStudioVersion = 16.0.28729.10
MinimumVisualStudioVersion = 10.0.40219.1
Project("{9A19103F-16F7-4668-BE54-9A1E7A4F7556}") = "StarshipTraveler.UI.Server", "StarshipTraveler.UI.Server\StarshipTraveler.UI.Server.csproj", "{EF72FB31-648E-484A-8185-00C4BF8BB7F1}"
EndProject
Project("{9A19103F-16F7-4668-BE54-9A1E7A4F7556}") = "StarshipTraveler.UI.Client", "StarshipTraveler.UI.Client\StarshipTraveler.UI.Client.csproj", "{811B2A42-D202-4255-A5DB-EED27985841F}"
EndProject
Project("{9A19103F-16F7-4668-BE54-9A1E7A4F7556}") = "StarshipTraveler.Model", "StarshipTraveler.Model\StarshipTraveler.Model.csproj", "{37C36E8C-2478-4EFC-8D44-516F38DB2F59}"
EndProject
Project("{9A19103F-16F7-4668-BE54-9A1E7A4F7556}") = "StarshipTraveler.Components", "StarshipTraveler.Components\StarshipTraveler.Components.csproj", "{B6EFDC51-FAD6-4AC4-B244-94D24243A71D}"
EndProject
Global
	GlobalSection(SolutionConfigurationPlatforms) = preSolution
		Debug|Any CPU = Debug|Any CPU
		Release|Any CPU = Release|Any CPU
	EndGlobalSection
	GlobalSection(ProjectConfigurationPlatforms) = postSolution
		{EF72FB31-648E-484A-8185-00C4BF8BB7F1}.Debug|Any CPU.ActiveCfg = Debug|Any CPU
		{EF72FB31-648E-484A-8185-00C4BF8BB7F1}.Debug|Any CPU.Build.0 = Debug|Any CPU
		{EF72FB31-648E-484A-8185-00C4BF8BB7F1}.Release|Any CPU.ActiveCfg = Release|Any CPU
		{EF72FB31-648E-484A-8185-00C4BF8BB7F1}.Release|Any CPU.Build.0 = Release|Any CPU
		{811B2A42-D202-4255-A5DB-EED27985841F}.Debug|Any CPU.ActiveCfg = Debug|Any CPU
		{811B2A42-D202-4255-A5DB-EED27985841F}.Debug|Any CPU.Build.0 = Debug|Any CPU
		{811B2A42-D202-4255-A5DB-EED27985841F}.Release|Any CPU.ActiveCfg = Release|Any CPU
		{811B2A42-D202-4255-A5DB-EED27985841F}.Release|Any CPU.Build.0 = Release|Any CPU
		{37C36E8C-2478-4EFC-8D44-516F38DB2F59}.Debug|Any CPU.ActiveCfg = Debug|Any CPU
		{37C36E8C-2478-4EFC-8D44-516F38DB2F59}.Debug|Any CPU.Build.0 = Debug|Any CPU
		{37C36E8C-2478-4EFC-8D44-516F38DB2F59}.Release|Any CPU.ActiveCfg = Release|Any CPU
		{37C36E8C-2478-4EFC-8D44-516F38DB2F59}.Release|Any CPU.Build.0 = Release|Any CPU
		{B6EFDC51-FAD6-4AC4-B244-94D24243A71D}.Debug|Any CPU.ActiveCfg = Debug|Any CPU
		{B6EFDC51-FAD6-4AC4-B244-94D24243A71D}.Debug|Any CPU.Build.0 = Debug|Any CPU
		{B6EFDC51-FAD6-4AC4-B244-94D24243A71D}.Release|Any CPU.ActiveCfg = Release|Any CPU
		{B6EFDC51-FAD6-4AC4-B244-94D24243A71D}.Release|Any CPU.Build.0 = Release|Any CPU
	EndGlobalSection
	GlobalSection(SolutionProperties) = preSolution
		HideSolutionNode = FALSE
	EndGlobalSection
	GlobalSection(ExtensibilityGlobals) = postSolution
		SolutionGuid = {D94589D6-1DF4-4981-9CD8-E09A481C0503}
	EndGlobalSection
EndGlobal
